
Microsoft Visual Studio Solution File, Format Version 12.00
# Visual Studio Version 16
VisualStudioVersion = 16.0.29424.173
MinimumVisualStudioVersion = 10.0.40219.1
Project("{FAE04EC0-301F-11D3-BF4B-00C04F79EFBC}") = "PraisedSniffer", "PraisedSniffer\PraisedSniffer.csproj", "{A340557B-B075-4A93-BA88-07B504E3A310}"
EndProject
Global
	GlobalSection(SolutionConfigurationPlatforms) = preSolution
		Debug|Any CPU = Debug|Any CPU
		Release|Any CPU = Release|Any CPU
	EndGlobalSection
	GlobalSection(ProjectConfigurationPlatforms) = postSolution
		{A340557B-B075-4A93-BA88-07B504E3A310}.Debug|Any CPU.ActiveCfg = Debug|Any CPU
		{A340557B-B075-4A93-BA88-07B504E3A310}.Debug|Any CPU.Build.0 = Debug|Any CPU
		{A340557B-B075-4A93-BA88-07B504E3A310}.Release|Any CPU.ActiveCfg = Release|Any CPU
		{A340557B-B075-4A93-BA88-07B504E3A310}.Release|Any CPU.Build.0 = Release|Any CPU
	EndGlobalSection
	GlobalSection(SolutionProperties) = preSolution
		HideSolutionNode = FALSE
	EndGlobalSection
	GlobalSection(ExtensibilityGlobals) = postSolution
		SolutionGuid = {BAF320E4-F2B7-4F84-BD6C-AF92D311EFB6}
	EndGlobalSection
EndGlobal
